// !$*UTF8*$!
{
	archiveVersion = 1;
	classes = {
	};
	objectVersion = 50;
	objects = {

/* Begin PBXBuildFile section */
		A15955C4261E097D0051CA50 /* AwsClientSampleSettings.h in Sources */ = {isa = PBXBuildFile; fileRef = A15955C3261E097D0051CA50 /* AwsClientSampleSettings.h */; };
		FAA08D6E2604208B00B8449A /* main.cpp in Sources */ = {isa = PBXBuildFile; fileRef = FAA08D6D2604208B00B8449A /* main.cpp */; };
		FAA08D8B260433E200B8449A /* libaws-cpp-sdk-monitoring.dylib in Frameworks */ = {isa = PBXBuildFile; fileRef = FAA08D87260433C000B8449A /* libaws-cpp-sdk-monitoring.dylib */; };
		FAA08D8C260433E200B8449A /* libaws-cpp-sdk-core.dylib in Frameworks */ = {isa = PBXBuildFile; fileRef = FAA08D86260433C000B8449A /* libaws-cpp-sdk-core.dylib */; };
/* End PBXBuildFile section */

/* Begin PBXCopyFilesBuildPhase section */
		FAA08D682604208A00B8449A /* CopyFiles */ = {
			isa = PBXCopyFilesBuildPhase;
			buildActionMask = 2147483647;
			dstPath = /usr/share/man/man1/;
			dstSubfolderSpec = 0;
			files = (
			);
			runOnlyForDeploymentPostprocessing = 1;
		};
/* End PBXCopyFilesBuildPhase section */

/* Begin PBXFileReference section */
		A15955C3261E097D0051CA50 /* AwsClientSampleSettings.h */ = {isa = PBXFileReference; lastKnownFileType = sourcecode.c.h; path = AwsClientSampleSettings.h; sourceTree = "<group>"; };
		FAA08D6A2604208A00B8449A /* AwsClientExample */ = {isa = PBXFileReference; explicitFileType = "compiled.mach-o.executable"; includeInIndex = 0; path = AwsClientExample; sourceTree = BUILT_PRODUCTS_DIR; };
		FAA08D6D2604208B00B8449A /* main.cpp */ = {isa = PBXFileReference; lastKnownFileType = sourcecode.cpp.cpp; path = main.cpp; sourceTree = "<group>"; };
		FAA08D86260433C000B8449A /* libaws-cpp-sdk-core.dylib */ = {isa = PBXFileReference; lastKnownFileType = "compiled.mach-o.dylib"; name = "libaws-cpp-sdk-core.dylib"; path = "../../../../../usr/local/lib/libaws-cpp-sdk-core.dylib"; sourceTree = "<group>"; };
		FAA08D87260433C000B8449A /* libaws-cpp-sdk-monitoring.dylib */ = {isa = PBXFileReference; lastKnownFileType = "compiled.mach-o.dylib"; name = "libaws-cpp-sdk-monitoring.dylib"; path = "../../../../../usr/local/lib/libaws-cpp-sdk-monitoring.dylib"; sourceTree = "<group>"; };
/* End PBXFileReference section */

/* Begin PBXFrameworksBuildPhase section */
		FAA08D672604208A00B8449A /* Frameworks */ = {
			isa = PBXFrameworksBuildPhase;
			buildActionMask = 2147483647;
			files = (
				FAA08D8B260433E200B8449A /* libaws-cpp-sdk-monitoring.dylib in Frameworks */,
				FAA08D8C260433E200B8449A /* libaws-cpp-sdk-core.dylib in Frameworks */,
			);
			runOnlyForDeploymentPostprocessing = 0;
		};
/* End PBXFrameworksBuildPhase section */

/* Begin PBXGroup section */
		FAA08D612604208A00B8449A = {
			isa = PBXGroup;
			children = (
				FAA08D6C2604208B00B8449A /* AwsClientExample */,
				FAA08D6B2604208A00B8449A /* Products */,
				FAA08D752604229300B8449A /* Frameworks */,
			);
			sourceTree = "<group>";
		};
		FAA08D6B2604208A00B8449A /* Products */ = {
			isa = PBXGroup;
			children = (
				FAA08D6A2604208A00B8449A /* AwsClientExample */,
			);
			name = Products;
			sourceTree = "<group>";
		};
		FAA08D6C2604208B00B8449A /* AwsClientExample */ = {
			isa = PBXGroup;
			children = (
				A15955C3261E097D0051CA50 /* AwsClientSampleSettings.h */,
				FAA08D6D2604208B00B8449A /* main.cpp */,
			);
			path = AwsClientExample;
			sourceTree = "<group>";
		};
		FAA08D752604229300B8449A /* Frameworks */ = {
			isa = PBXGroup;
			children = (
				FAA08D86260433C000B8449A /* libaws-cpp-sdk-core.dylib */,
				FAA08D87260433C000B8449A /* libaws-cpp-sdk-monitoring.dylib */,
			);
			name = Frameworks;
			sourceTree = "<group>";
		};
/* End PBXGroup section */

/* Begin PBXNativeTarget section */
		FAA08D692604208A00B8449A /* AwsClientExample */ = {
			isa = PBXNativeTarget;
			buildConfigurationList = FAA08D712604208B00B8449A /* Build configuration list for PBXNativeTarget "AwsClientExample" */;
			buildPhases = (
				FAA08D662604208A00B8449A /* Sources */,
				FAA08D672604208A00B8449A /* Frameworks */,
				FAA08D682604208A00B8449A /* CopyFiles */,
			);
			buildRules = (
			);
			dependencies = (
			);
			name = AwsClientExample;
			productName = AwsClientExample;
			productReference = FAA08D6A2604208A00B8449A /* AwsClientExample */;
			productType = "com.apple.product-type.tool";
		};
/* End PBXNativeTarget section */

/* Begin PBXProject section */
		FAA08D622604208A00B8449A /* Project object */ = {
			isa = PBXProject;
			attributes = {
				LastUpgradeCheck = 1240;
				TargetAttributes = {
					FAA08D692604208A00B8449A = {
						CreatedOnToolsVersion = 12.4;
					};
				};
			};
			buildConfigurationList = FAA08D652604208A00B8449A /* Build configuration list for PBXProject "AwsClientExample" */;
			compatibilityVersion = "Xcode 9.3";
			developmentRegion = en;
			hasScannedForEncodings = 0;
			knownRegions = (
				en,
				Base,
			);
			mainGroup = FAA08D612604208A00B8449A;
			productRefGroup = FAA08D6B2604208A00B8449A /* Products */;
			projectDirPath = "";
			projectRoot = "";
			targets = (
				FAA08D692604208A00B8449A /* AwsClientExample */,
			);
		};
/* End PBXProject section */

/* Begin PBXSourcesBuildPhase section */
		FAA08D662604208A00B8449A /* Sources */ = {
			isa = PBXSourcesBuildPhase;
			buildActionMask = 2147483647;
			files = (
				FAA08D6E2604208B00B8449A /* main.cpp in Sources */,
				A15955C4261E097D0051CA50 /* AwsClientSampleSettings.h in Sources */,
			);
			runOnlyForDeploymentPostprocessing = 0;
		};
/* End PBXSourcesBuildPhase section */

/* Begin XCBuildConfiguration section */
		FAA08D6F2604208B00B8449A /* Debug */ = {
			isa = XCBuildConfiguration;
			buildSettings = {
				ALWAYS_SEARCH_USER_PATHS = NO;
				CLANG_ANALYZER_NONNULL = YES;
				CLANG_ANALYZER_NUMBER_OBJECT_CONVERSION = YES_AGGRESSIVE;
				CLANG_CXX_LANGUAGE_STANDARD = "gnu++14";
				CLANG_CXX_LIBRARY = "libc++";
				CLANG_ENABLE_MODULES = YES;
				CLANG_ENABLE_OBJC_ARC = YES;
				CLANG_ENABLE_OBJC_WEAK = YES;
				CLANG_WARN_BLOCK_CAPTURE_AUTORELEASING = YES;
				CLANG_WARN_BOOL_CONVERSION = YES;
				CLANG_WARN_COMMA = YES;
				CLANG_WARN_CONSTANT_CONVERSION = YES;
				CLANG_WARN_DEPRECATED_OBJC_IMPLEMENTATIONS = YES;
				CLANG_WARN_DIRECT_OBJC_ISA_USAGE = YES_ERROR;
				CLANG_WARN_DOCUMENTATION_COMMENTS = YES;
				CLANG_WARN_EMPTY_BODY = YES;
				CLANG_WARN_ENUM_CONVERSION = YES;
				CLANG_WARN_INFINITE_RECURSION = YES;
				CLANG_WARN_INT_CONVERSION = YES;
				CLANG_WARN_NON_LITERAL_NULL_CONVERSION = YES;
				CLANG_WARN_OBJC_IMPLICIT_RETAIN_SELF = YES;
				CLANG_WARN_OBJC_LITERAL_CONVERSION = YES;
				CLANG_WARN_OBJC_ROOT_CLASS = YES_ERROR;
				CLANG_WARN_QUOTED_INCLUDE_IN_FRAMEWORK_HEADER = YES;
				CLANG_WARN_RANGE_LOOP_ANALYSIS = YES;
				CLANG_WARN_STRICT_PROTOTYPES = YES;
				CLANG_WARN_SUSPICIOUS_MOVE = YES;
				CLANG_WARN_UNGUARDED_AVAILABILITY = YES_AGGRESSIVE;
				CLANG_WARN_UNREACHABLE_CODE = YES;
				CLANG_WARN__DUPLICATE_METHOD_MATCH = YES;
				COPY_PHASE_STRIP = NO;
				DEBUG_INFORMATION_FORMAT = dwarf;
				ENABLE_STRICT_OBJC_MSGSEND = YES;
				ENABLE_TESTABILITY = YES;
				GCC_C_LANGUAGE_STANDARD = gnu11;
				GCC_DYNAMIC_NO_PIC = NO;
				GCC_NO_COMMON_BLOCKS = YES;
				GCC_OPTIMIZATION_LEVEL = 0;
				GCC_PREPROCESSOR_DEFINITIONS = (
					"DEBUG=1",
					"$(inherited)",
				);
				GCC_WARN_64_TO_32_BIT_CONVERSION = YES;
				GCC_WARN_ABOUT_RETURN_TYPE = YES_ERROR;
				GCC_WARN_UNDECLARED_SELECTOR = YES;
				GCC_WARN_UNINITIALIZED_AUTOS = YES_AGGRESSIVE;
				GCC_WARN_UNUSED_FUNCTION = YES;
				GCC_WARN_UNUSED_VARIABLE = YES;
				MACOSX_DEPLOYMENT_TARGET = 10.15;
				MTL_ENABLE_DEBUG_INFO = INCLUDE_SOURCE;
				MTL_FAST_MATH = YES;
				ONLY_ACTIVE_ARCH = YES;
				SDKROOT = macosx;
			};
			name = Debug;
		};
		FAA08D702604208B00B8449A /* Release */ = {
			isa = XCBuildConfiguration;
			buildSettings = {
				ALWAYS_SEARCH_USER_PATHS = NO;
				CLANG_ANALYZER_NONNULL = YES;
				CLANG_ANALYZER_NUMBER_OBJECT_CONVERSION = YES_AGGRESSIVE;
				CLANG_CXX_LANGUAGE_STANDARD = "gnu++14";
				CLANG_CXX_LIBRARY = "libc++";
				CLANG_ENABLE_MODULES = YES;
				CLANG_ENABLE_OBJC_ARC = YES;
				CLANG_ENABLE_OBJC_WEAK = YES;
				CLANG_WARN_BLOCK_CAPTURE_AUTORELEASING = YES;
				CLANG_WARN_BOOL_CONVERSION = YES;
				CLANG_WARN_COMMA = YES;
				CLANG_WARN_CONSTANT_CONVERSION = YES;
				CLANG_WARN_DEPRECATED_OBJC_IMPLEMENTATIONS = YES;
				CLANG_WARN_DIRECT_OBJC_ISA_USAGE = YES_ERROR;
				CLANG_WARN_DOCUMENTATION_COMMENTS = YES;
				CLANG_WARN_EMPTY_BODY = YES;
				CLANG_WARN_ENUM_CONVERSION = YES;
				CLANG_WARN_INFINITE_RECURSION = YES;
				CLANG_WARN_INT_CONVERSION = YES;
				CLANG_WARN_NON_LITERAL_NULL_CONVERSION = YES;
				CLANG_WARN_OBJC_IMPLICIT_RETAIN_SELF = YES;
				CLANG_WARN_OBJC_LITERAL_CONVERSION = YES;
				CLANG_WARN_OBJC_ROOT_CLASS = YES_ERROR;
				CLANG_WARN_QUOTED_INCLUDE_IN_FRAMEWORK_HEADER = YES;
				CLANG_WARN_RANGE_LOOP_ANALYSIS = YES;
				CLANG_WARN_STRICT_PROTOTYPES = YES;
				CLANG_WARN_SUSPICIOUS_MOVE = YES;
				CLANG_WARN_UNGUARDED_AVAILABILITY = YES_AGGRESSIVE;
				CLANG_WARN_UNREACHABLE_CODE = YES;
				CLANG_WARN__DUPLICATE_METHOD_MATCH = YES;
				COPY_PHASE_STRIP = NO;
				DEBUG_INFORMATION_FORMAT = "dwarf-with-dsym";
				ENABLE_NS_ASSERTIONS = NO;
				ENABLE_STRICT_OBJC_MSGSEND = YES;
				GCC_C_LANGUAGE_STANDARD = gnu11;
				GCC_NO_COMMON_BLOCKS = YES;
				GCC_WARN_64_TO_32_BIT_CONVERSION = YES;
				GCC_WARN_ABOUT_RETURN_TYPE = YES_ERROR;
				GCC_WARN_UNDECLARED_SELECTOR = YES;
				GCC_WARN_UNINITIALIZED_AUTOS = YES_AGGRESSIVE;
				GCC_WARN_UNUSED_FUNCTION = YES;
				GCC_WARN_UNUSED_VARIABLE = YES;
				MACOSX_DEPLOYMENT_TARGET = 10.15;
				MTL_ENABLE_DEBUG_INFO = NO;
				MTL_FAST_MATH = YES;
				SDKROOT = macosx;
			};
			name = Release;
		};
		FAA08D722604208B00B8449A /* Debug */ = {
			isa = XCBuildConfiguration;
			buildSettings = {
				CODE_SIGN_STYLE = Automatic;
				HEADER_SEARCH_PATHS = /usr/local/include;
				LIBRARY_SEARCH_PATHS = (
					"$(inherited)",
					"$(PROJECT_DIR)/AwsClientExample/libs",
					/usr/local/lib,
				);
				PRODUCT_NAME = "$(TARGET_NAME)";
			};
			name = Debug;
		};
		FAA08D732604208B00B8449A /* Release */ = {
			isa = XCBuildConfiguration;
			buildSettings = {
				CODE_SIGN_STYLE = Automatic;
				HEADER_SEARCH_PATHS = /usr/local/include;
				LIBRARY_SEARCH_PATHS = (
					"$(inherited)",
					"$(PROJECT_DIR)/AwsClientExample/libs",
					/usr/local/lib,
				);
				PRODUCT_NAME = "$(TARGET_NAME)";
			};
			name = Release;
		};
/* End XCBuildConfiguration section */

/* Begin XCConfigurationList section */
		FAA08D652604208A00B8449A /* Build configuration list for PBXProject "AwsClientExample" */ = {
			isa = XCConfigurationList;
			buildConfigurations = (
				FAA08D6F2604208B00B8449A /* Debug */,
				FAA08D702604208B00B8449A /* Release */,
			);
			defaultConfigurationIsVisible = 0;
			defaultConfigurationName = Release;
		};
		FAA08D712604208B00B8449A /* Build configuration list for PBXNativeTarget "AwsClientExample" */ = {
			isa = XCConfigurationList;
			buildConfigurations = (
				FAA08D722604208B00B8449A /* Debug */,
				FAA08D732604208B00B8449A /* Release */,
			);
			defaultConfigurationIsVisible = 0;
			defaultConfigurationName = Release;
		};
/* End XCConfigurationList section */
	};
	rootObject = FAA08D622604208A00B8449A /* Project object */;
}
